
Microsoft Visual Studio Solution File, Format Version 12.00
# Visual Studio 15
VisualStudioVersion = 15.0.28307.779
MinimumVisualStudioVersion = 10.0.40219.1
Project("{2150E333-8FDC-42A3-9474-1A3956D46DE8}") = "Tasks 1.1", "Tasks 1.1", "{FE745E29-3E3B-40A0-B874-35EE9FDDD9CC}"
EndProject
Project("{FAE04EC0-301F-11D3-BF4B-00C04F79EFBC}") = "Task_1", "Task_1\Task_1.csproj", "{039924B3-DBB3-496F-8165-3378CBA426C5}"
EndProject
Global
	GlobalSection(SolutionConfigurationPlatforms) = preSolution
		Debug|Any CPU = Debug|Any CPU
		Release|Any CPU = Release|Any CPU
	EndGlobalSection
	GlobalSection(ProjectConfigurationPlatforms) = postSolution
		{039924B3-DBB3-496F-8165-3378CBA426C5}.Debug|Any CPU.ActiveCfg = Debug|Any CPU
		{039924B3-DBB3-496F-8165-3378CBA426C5}.Debug|Any CPU.Build.0 = Debug|Any CPU
		{039924B3-DBB3-496F-8165-3378CBA426C5}.Release|Any CPU.ActiveCfg = Release|Any CPU
		{039924B3-DBB3-496F-8165-3378CBA426C5}.Release|Any CPU.Build.0 = Release|Any CPU
	EndGlobalSection
	GlobalSection(SolutionProperties) = preSolution
		HideSolutionNode = FALSE
	EndGlobalSection
	GlobalSection(NestedProjects) = preSolution
		{039924B3-DBB3-496F-8165-3378CBA426C5} = {FE745E29-3E3B-40A0-B874-35EE9FDDD9CC}
	EndGlobalSection
	GlobalSection(ExtensibilityGlobals) = postSolution
		SolutionGuid = {56F08882-B86E-49C5-96E5-5EC8EAF2F041}
	EndGlobalSection
EndGlobal
