
Microsoft Visual Studio Solution File, Format Version 12.00
# Visual Studio 15
VisualStudioVersion = 15.0.28307.779
MinimumVisualStudioVersion = 10.0.40219.1
Project("{FAE04EC0-301F-11D3-BF4B-00C04F79EFBC}") = "3.2.1_Dynamic_Array", "3.2.1_Dynamic_Array\3.2.1_Dynamic_Array.csproj", "{6EE7323C-B2FD-4AE6-AFEC-7D9DB5F8107A}"
EndProject
Project("{FAE04EC0-301F-11D3-BF4B-00C04F79EFBC}") = "3.2.1_Dynamic_Array_(DLL)", "3.2.1_Dynamic_Array_(DLL)\3.2.1_Dynamic_Array_(DLL).csproj", "{976BDE14-9ABA-4E27-9E49-B12F14B51A9C}"
EndProject
Project("{FAE04EC0-301F-11D3-BF4B-00C04F79EFBC}") = "3.1.1_Weakest_Link", "3.1.1_Weakest_Link\3.1.1_Weakest_Link.csproj", "{D1D2F37F-9A26-4D38-A840-7604E774201A}"
EndProject
Project("{FAE04EC0-301F-11D3-BF4B-00C04F79EFBC}") = "3.1.2_Text_Analysis", "3.1.2_Text_Analysis\3.1.2_Text_Analysis.csproj", "{0A01BD41-BA11-40B5-910C-F110AD073720}"
EndProject
Project("{FAE04EC0-301F-11D3-BF4B-00C04F79EFBC}") = "3.3.1_Super_Array", "3.3.1_Super_Array\3.3.1_Super_Array.csproj", "{1ACC6D71-1CDD-4C13-92BF-0FE082D5A724}"
EndProject
Project("{FAE04EC0-301F-11D3-BF4B-00C04F79EFBC}") = "3.3.2_Super_String", "3.3.2_Super_String\3.3.2_Super_String.csproj", "{80BF0247-EA76-4053-A0AE-EF5892579CC7}"
EndProject
Global
	GlobalSection(SolutionConfigurationPlatforms) = preSolution
		Debug|Any CPU = Debug|Any CPU
		Release|Any CPU = Release|Any CPU
	EndGlobalSection
	GlobalSection(ProjectConfigurationPlatforms) = postSolution
		{6EE7323C-B2FD-4AE6-AFEC-7D9DB5F8107A}.Debug|Any CPU.ActiveCfg = Debug|Any CPU
		{6EE7323C-B2FD-4AE6-AFEC-7D9DB5F8107A}.Debug|Any CPU.Build.0 = Debug|Any CPU
		{6EE7323C-B2FD-4AE6-AFEC-7D9DB5F8107A}.Release|Any CPU.ActiveCfg = Release|Any CPU
		{6EE7323C-B2FD-4AE6-AFEC-7D9DB5F8107A}.Release|Any CPU.Build.0 = Release|Any CPU
		{976BDE14-9ABA-4E27-9E49-B12F14B51A9C}.Debug|Any CPU.ActiveCfg = Debug|Any CPU
		{976BDE14-9ABA-4E27-9E49-B12F14B51A9C}.Debug|Any CPU.Build.0 = Debug|Any CPU
		{976BDE14-9ABA-4E27-9E49-B12F14B51A9C}.Release|Any CPU.ActiveCfg = Release|Any CPU
		{976BDE14-9ABA-4E27-9E49-B12F14B51A9C}.Release|Any CPU.Build.0 = Release|Any CPU
		{D1D2F37F-9A26-4D38-A840-7604E774201A}.Debug|Any CPU.ActiveCfg = Debug|Any CPU
		{D1D2F37F-9A26-4D38-A840-7604E774201A}.Debug|Any CPU.Build.0 = Debug|Any CPU
		{D1D2F37F-9A26-4D38-A840-7604E774201A}.Release|Any CPU.ActiveCfg = Release|Any CPU
		{D1D2F37F-9A26-4D38-A840-7604E774201A}.Release|Any CPU.Build.0 = Release|Any CPU
		{0A01BD41-BA11-40B5-910C-F110AD073720}.Debug|Any CPU.ActiveCfg = Debug|Any CPU
		{0A01BD41-BA11-40B5-910C-F110AD073720}.Debug|Any CPU.Build.0 = Debug|Any CPU
		{0A01BD41-BA11-40B5-910C-F110AD073720}.Release|Any CPU.ActiveCfg = Release|Any CPU
		{0A01BD41-BA11-40B5-910C-F110AD073720}.Release|Any CPU.Build.0 = Release|Any CPU
		{1ACC6D71-1CDD-4C13-92BF-0FE082D5A724}.Debug|Any CPU.ActiveCfg = Debug|Any CPU
		{1ACC6D71-1CDD-4C13-92BF-0FE082D5A724}.Debug|Any CPU.Build.0 = Debug|Any CPU
		{1ACC6D71-1CDD-4C13-92BF-0FE082D5A724}.Release|Any CPU.ActiveCfg = Release|Any CPU
		{1ACC6D71-1CDD-4C13-92BF-0FE082D5A724}.Release|Any CPU.Build.0 = Release|Any CPU
		{80BF0247-EA76-4053-A0AE-EF5892579CC7}.Debug|Any CPU.ActiveCfg = Debug|Any CPU
		{80BF0247-EA76-4053-A0AE-EF5892579CC7}.Debug|Any CPU.Build.0 = Debug|Any CPU
		{80BF0247-EA76-4053-A0AE-EF5892579CC7}.Release|Any CPU.ActiveCfg = Release|Any CPU
		{80BF0247-EA76-4053-A0AE-EF5892579CC7}.Release|Any CPU.Build.0 = Release|Any CPU
	EndGlobalSection
	GlobalSection(SolutionProperties) = preSolution
		HideSolutionNode = FALSE
	EndGlobalSection
	GlobalSection(ExtensibilityGlobals) = postSolution
		SolutionGuid = {3F8FC74C-6DCA-406A-BFB4-D4292E45A649}
	EndGlobalSection
EndGlobal
