
Microsoft Visual Studio Solution File, Format Version 12.00
# Visual Studio 15
VisualStudioVersion = 15.0.28307.779
MinimumVisualStudioVersion = 10.0.40219.1
Project("{FAE04EC0-301F-11D3-BF4B-00C04F79EFBC}") = "2.2.1_Game", "2.2.1_Game\2.2.1_Game.csproj", "{3CC711C2-3393-41CC-A1DF-DF6E682AC865}"
EndProject
Project("{FAE04EC0-301F-11D3-BF4B-00C04F79EFBC}") = "2.1.1_Custom_String", "2.1.1_Custom_String\2.1.1_Custom_String.csproj", "{E826B0DF-25BC-48DD-AA9C-20CE76B971B6}"
EndProject
Project("{FAE04EC0-301F-11D3-BF4B-00C04F79EFBC}") = "2.1.1_Custom_String_(DLL)", "2.1.1_Custom_String_(DLL)\2.1.1_Custom_String_(DLL).csproj", "{2EBA3380-BDE6-4076-A174-993CA275D974}"
EndProject
Project("{FAE04EC0-301F-11D3-BF4B-00C04F79EFBC}") = "2.1.2_Custom_Paint", "2.1.2_Custom_Paint\2.1.2_Custom_Paint.csproj", "{AACB9B26-2DCA-485F-86D8-B4F2FAB36E42}"
EndProject
Global
	GlobalSection(SolutionConfigurationPlatforms) = preSolution
		Debug|Any CPU = Debug|Any CPU
		Release|Any CPU = Release|Any CPU
	EndGlobalSection
	GlobalSection(ProjectConfigurationPlatforms) = postSolution
		{3CC711C2-3393-41CC-A1DF-DF6E682AC865}.Debug|Any CPU.ActiveCfg = Debug|Any CPU
		{3CC711C2-3393-41CC-A1DF-DF6E682AC865}.Debug|Any CPU.Build.0 = Debug|Any CPU
		{3CC711C2-3393-41CC-A1DF-DF6E682AC865}.Release|Any CPU.ActiveCfg = Release|Any CPU
		{3CC711C2-3393-41CC-A1DF-DF6E682AC865}.Release|Any CPU.Build.0 = Release|Any CPU
		{E826B0DF-25BC-48DD-AA9C-20CE76B971B6}.Debug|Any CPU.ActiveCfg = Debug|Any CPU
		{E826B0DF-25BC-48DD-AA9C-20CE76B971B6}.Debug|Any CPU.Build.0 = Debug|Any CPU
		{E826B0DF-25BC-48DD-AA9C-20CE76B971B6}.Release|Any CPU.ActiveCfg = Release|Any CPU
		{E826B0DF-25BC-48DD-AA9C-20CE76B971B6}.Release|Any CPU.Build.0 = Release|Any CPU
		{2EBA3380-BDE6-4076-A174-993CA275D974}.Debug|Any CPU.ActiveCfg = Debug|Any CPU
		{2EBA3380-BDE6-4076-A174-993CA275D974}.Debug|Any CPU.Build.0 = Debug|Any CPU
		{2EBA3380-BDE6-4076-A174-993CA275D974}.Release|Any CPU.ActiveCfg = Release|Any CPU
		{2EBA3380-BDE6-4076-A174-993CA275D974}.Release|Any CPU.Build.0 = Release|Any CPU
		{AACB9B26-2DCA-485F-86D8-B4F2FAB36E42}.Debug|Any CPU.ActiveCfg = Debug|Any CPU
		{AACB9B26-2DCA-485F-86D8-B4F2FAB36E42}.Debug|Any CPU.Build.0 = Debug|Any CPU
		{AACB9B26-2DCA-485F-86D8-B4F2FAB36E42}.Release|Any CPU.ActiveCfg = Release|Any CPU
		{AACB9B26-2DCA-485F-86D8-B4F2FAB36E42}.Release|Any CPU.Build.0 = Release|Any CPU
	EndGlobalSection
	GlobalSection(SolutionProperties) = preSolution
		HideSolutionNode = FALSE
	EndGlobalSection
	GlobalSection(ExtensibilityGlobals) = postSolution
		SolutionGuid = {1EA232F3-C513-4AB5-B3F9-57C436E06D0E}
	EndGlobalSection
EndGlobal
