
Microsoft Visual Studio Solution File, Format Version 12.00
# Visual Studio 15
VisualStudioVersion = 15.0.28307.779
MinimumVisualStudioVersion = 10.0.40219.1
Project("{FAE04EC0-301F-11D3-BF4B-00C04F79EFBC}") = "6.1_List_Menu", "6.1_List_Menu\6.1_List_Menu.csproj", "{42418245-EB53-49DF-B812-273AA9305DCB}"
EndProject
Project("{FAE04EC0-301F-11D3-BF4B-00C04F79EFBC}") = "6.2_Registration_Form", "6.2_Registration_Form\6.2_Registration_Form.csproj", "{8E3C134D-4DD7-4B6F-B050-086C42B25366}"
EndProject
Project("{FAE04EC0-301F-11D3-BF4B-00C04F79EFBC}") = "6.3_Pointing_Block", "6.3_Pointing_Block\6.3_Pointing_Block.csproj", "{DD160BE1-7853-43DB-9840-F3B49FCDDD3D}"
EndProject
Global
	GlobalSection(SolutionConfigurationPlatforms) = preSolution
		Debug|Any CPU = Debug|Any CPU
		Release|Any CPU = Release|Any CPU
	EndGlobalSection
	GlobalSection(ProjectConfigurationPlatforms) = postSolution
		{42418245-EB53-49DF-B812-273AA9305DCB}.Debug|Any CPU.ActiveCfg = Debug|Any CPU
		{42418245-EB53-49DF-B812-273AA9305DCB}.Debug|Any CPU.Build.0 = Debug|Any CPU
		{42418245-EB53-49DF-B812-273AA9305DCB}.Release|Any CPU.ActiveCfg = Release|Any CPU
		{42418245-EB53-49DF-B812-273AA9305DCB}.Release|Any CPU.Build.0 = Release|Any CPU
		{8E3C134D-4DD7-4B6F-B050-086C42B25366}.Debug|Any CPU.ActiveCfg = Debug|Any CPU
		{8E3C134D-4DD7-4B6F-B050-086C42B25366}.Debug|Any CPU.Build.0 = Debug|Any CPU
		{8E3C134D-4DD7-4B6F-B050-086C42B25366}.Release|Any CPU.ActiveCfg = Release|Any CPU
		{8E3C134D-4DD7-4B6F-B050-086C42B25366}.Release|Any CPU.Build.0 = Release|Any CPU
		{DD160BE1-7853-43DB-9840-F3B49FCDDD3D}.Debug|Any CPU.ActiveCfg = Debug|Any CPU
		{DD160BE1-7853-43DB-9840-F3B49FCDDD3D}.Debug|Any CPU.Build.0 = Debug|Any CPU
		{DD160BE1-7853-43DB-9840-F3B49FCDDD3D}.Release|Any CPU.ActiveCfg = Release|Any CPU
		{DD160BE1-7853-43DB-9840-F3B49FCDDD3D}.Release|Any CPU.Build.0 = Release|Any CPU
	EndGlobalSection
	GlobalSection(SolutionProperties) = preSolution
		HideSolutionNode = FALSE
	EndGlobalSection
	GlobalSection(ExtensibilityGlobals) = postSolution
		SolutionGuid = {F8241F05-F025-4E29-9AA1-978752ADF19F}
	EndGlobalSection
EndGlobal
